// !$*UTF8*$!
{
	archiveVersion = 1;
	classes = {
	};
	objectVersion = 56;
	objects = {

/* Begin PBXBuildFile section */
		952368B72D0538F7004DFE98 /* AppDelegate.swift in Sources */ = {isa = PBXBuildFile; fileRef = 952368B62D0538F7004DFE98 /* AppDelegate.swift */; };
		952368B92D0538F7004DFE98 /* SceneDelegate.swift in Sources */ = {isa = PBXBuildFile; fileRef = 952368B82D0538F7004DFE98 /* SceneDelegate.swift */; };
		952368BB2D0538F7004DFE98 /* SignUpViewController.swift in Sources */ = {isa = PBXBuildFile; fileRef = 952368BA2D0538F7004DFE98 /* SignUpViewController.swift */; };
		952368C02D0538F8004DFE98 /* Assets.xcassets in Resources */ = {isa = PBXBuildFile; fileRef = 952368BF2D0538F8004DFE98 /* Assets.xcassets */; };
		952368C32D0538F8004DFE98 /* Base in Resources */ = {isa = PBXBuildFile; fileRef = 952368C22D0538F8004DFE98 /* Base */; };
		952368CC2D0542B0004DFE98 /* Alamofire in Frameworks */ = {isa = PBXBuildFile; productRef = 952368CB2D0542B0004DFE98 /* Alamofire */; };
		952368CE2D0542B0004DFE98 /* AlamofireDynamic in Frameworks */ = {isa = PBXBuildFile; productRef = 952368CD2D0542B0004DFE98 /* AlamofireDynamic */; };
		952368D12D0542E3004DFE98 /* SnapKit in Frameworks */ = {isa = PBXBuildFile; productRef = 952368D02D0542E3004DFE98 /* SnapKit */; };
		952368D32D0542E3004DFE98 /* SnapKit-Dynamic in Frameworks */ = {isa = PBXBuildFile; productRef = 952368D22D0542E3004DFE98 /* SnapKit-Dynamic */; };
		952368D62D0542FB004DFE98 /* Then in Frameworks */ = {isa = PBXBuildFile; productRef = 952368D52D0542FB004DFE98 /* Then */; };
		9571E57B2D27EEC000BD70A0 /* BaseStepView.swift in Sources */ = {isa = PBXBuildFile; fileRef = 9571E57A2D27EEC000BD70A0 /* BaseStepView.swift */; };
		9577439F2D2187F40015F631 /* SetPasswordView.swift in Sources */ = {isa = PBXBuildFile; fileRef = 9577439E2D2187F40015F631 /* SetPasswordView.swift */; };
		957743A12D21900C0015F631 /* SetProfileNameView.swift in Sources */ = {isa = PBXBuildFile; fileRef = 957743A02D21900C0015F631 /* SetProfileNameView.swift */; };
		957743A32D21A64A0015F631 /* VerifyEmailCodeResponse.swift in Sources */ = {isa = PBXBuildFile; fileRef = 957743A22D21A64A0015F631 /* VerifyEmailCodeResponse.swift */; };
		957743A52D21B6DF0015F631 /* KeychainHelper.swift in Sources */ = {isa = PBXBuildFile; fileRef = 957743A42D21B6DF0015F631 /* KeychainHelper.swift */; };
		957743A82D21B7690015F631 /* SwiftKeychainWrapper in Frameworks */ = {isa = PBXBuildFile; productRef = 957743A72D21B7690015F631 /* SwiftKeychainWrapper */; };
		957743AA2D2264B70015F631 /* AuthInterceptor.swift in Sources */ = {isa = PBXBuildFile; fileRef = 957743A92D2264B70015F631 /* AuthInterceptor.swift */; };
		957DC6A52D2EB74E005CB3AA /* PasswordTooltipView.swift in Sources */ = {isa = PBXBuildFile; fileRef = 957DC6A42D2EB74E005CB3AA /* PasswordTooltipView.swift */; };
		95825CBB2D130F620049F460 /* AuthButton.swift in Sources */ = {isa = PBXBuildFile; fileRef = 95825CBA2D130F620049F460 /* AuthButton.swift */; };
		958518F72D1CF695000A8CD9 /* ValidationUtility.swift in Sources */ = {isa = PBXBuildFile; fileRef = 958518F62D1CF695000A8CD9 /* ValidationUtility.swift */; };
		958518F92D1D4E8B000A8CD9 /* NetworkError.swift in Sources */ = {isa = PBXBuildFile; fileRef = 958518F82D1D4E8B000A8CD9 /* NetworkError.swift */; };
		958518FB2D1D4F68000A8CD9 /* AuthRouter.swift in Sources */ = {isa = PBXBuildFile; fileRef = 958518FA2D1D4F68000A8CD9 /* AuthRouter.swift */; };
		958518FD2D1D4FBB000A8CD9 /* NetworkConfiguration.swift in Sources */ = {isa = PBXBuildFile; fileRef = 958518FC2D1D4FBB000A8CD9 /* NetworkConfiguration.swift */; };
		958518FF2D1D52CE000A8CD9 /* HTTPHeaderFields.swift in Sources */ = {isa = PBXBuildFile; fileRef = 958518FE2D1D52CE000A8CD9 /* HTTPHeaderFields.swift */; };
		958519012D1D5374000A8CD9 /* MultipartFormData.swift in Sources */ = {isa = PBXBuildFile; fileRef = 958519002D1D5374000A8CD9 /* MultipartFormData.swift */; };
		958519032D1D5536000A8CD9 /* AuthRepository.swift in Sources */ = {isa = PBXBuildFile; fileRef = 958519022D1D5536000A8CD9 /* AuthRepository.swift */; };
		958519052D1E9C02000A8CD9 /* UIViewController+.swift in Sources */ = {isa = PBXBuildFile; fileRef = 958519042D1E9C02000A8CD9 /* UIViewController+.swift */; };
		958519072D1EA5A3000A8CD9 /* AuthRequest.swift in Sources */ = {isa = PBXBuildFile; fileRef = 958519062D1EA5A3000A8CD9 /* AuthRequest.swift */; };
		958519092D1EA9E8000A8CD9 /* EmailVerificationView.swift in Sources */ = {isa = PBXBuildFile; fileRef = 958519082D1EA9E8000A8CD9 /* EmailVerificationView.swift */; };
		9589BE2C2D0B142E00DF99E8 /* UIColor+.swift in Sources */ = {isa = PBXBuildFile; fileRef = 9589BE2B2D0B142E00DF99E8 /* UIColor+.swift */; };
		9589BE5F2D0B287500DF99E8 /* Pretendard-Black.otf in Resources */ = {isa = PBXBuildFile; fileRef = 9589BE552D0B287500DF99E8 /* Pretendard-Black.otf */; };
		9589BE602D0B287500DF99E8 /* Pretendard-Bold.otf in Resources */ = {isa = PBXBuildFile; fileRef = 9589BE562D0B287500DF99E8 /* Pretendard-Bold.otf */; };
		9589BE612D0B287500DF99E8 /* Pretendard-ExtraBold.otf in Resources */ = {isa = PBXBuildFile; fileRef = 9589BE572D0B287500DF99E8 /* Pretendard-ExtraBold.otf */; };
		9589BE622D0B287500DF99E8 /* Pretendard-ExtraLight.otf in Resources */ = {isa = PBXBuildFile; fileRef = 9589BE582D0B287500DF99E8 /* Pretendard-ExtraLight.otf */; };
		9589BE632D0B287500DF99E8 /* Pretendard-Light.otf in Resources */ = {isa = PBXBuildFile; fileRef = 9589BE592D0B287500DF99E8 /* Pretendard-Light.otf */; };
		9589BE642D0B287500DF99E8 /* Pretendard-Medium.otf in Resources */ = {isa = PBXBuildFile; fileRef = 9589BE5A2D0B287500DF99E8 /* Pretendard-Medium.otf */; };
		9589BE652D0B287500DF99E8 /* Pretendard-Regular.otf in Resources */ = {isa = PBXBuildFile; fileRef = 9589BE5B2D0B287500DF99E8 /* Pretendard-Regular.otf */; };
		9589BE662D0B287500DF99E8 /* Pretendard-SemiBold.otf in Resources */ = {isa = PBXBuildFile; fileRef = 9589BE5C2D0B287500DF99E8 /* Pretendard-SemiBold.otf */; };
		9589BE672D0B287500DF99E8 /* Pretendard-Thin.otf in Resources */ = {isa = PBXBuildFile; fileRef = 9589BE5D2D0B287500DF99E8 /* Pretendard-Thin.otf */; };
		958C319E2D104689003A2BB5 /* LoginViewController.swift in Sources */ = {isa = PBXBuildFile; fileRef = 958C319D2D104689003A2BB5 /* LoginViewController.swift */; };
		958C31A32D1046C7003A2BB5 /* LoginViewModel.swift in Sources */ = {isa = PBXBuildFile; fileRef = 958C31A22D1046C7003A2BB5 /* LoginViewModel.swift */; };
		958C31A52D1046D5003A2BB5 /* EmailView.swift in Sources */ = {isa = PBXBuildFile; fileRef = 958C31A42D1046D5003A2BB5 /* EmailView.swift */; };
		958C31A72D1049E5003A2BB5 /* SurfaceView.swift in Sources */ = {isa = PBXBuildFile; fileRef = 958C31A62D1049E5003A2BB5 /* SurfaceView.swift */; };
		958C31AC2D104C96003A2BB5 /* SignUpView.swift in Sources */ = {isa = PBXBuildFile; fileRef = 958C31AB2D104C96003A2BB5 /* SignUpView.swift */; };
		958C31AE2D104CCC003A2BB5 /* SignUpViewModel.swift in Sources */ = {isa = PBXBuildFile; fileRef = 958C31AD2D104CCC003A2BB5 /* SignUpViewModel.swift */; };
		958C31B02D105B40003A2BB5 /* InputFormView.swift in Sources */ = {isa = PBXBuildFile; fileRef = 958C31AF2D105B40003A2BB5 /* InputFormView.swift */; };
		958E03AE2D19640900BF9284 /* PasswordView.swift in Sources */ = {isa = PBXBuildFile; fileRef = 958E03AD2D19640900BF9284 /* PasswordView.swift */; };
		959B374F2D32C3E100663E90 /* HomeViewModel.swift in Sources */ = {isa = PBXBuildFile; fileRef = 959B374E2D32C3E100663E90 /* HomeViewModel.swift */; };
		959B37532D32C41B00663E90 /* HomeView.swift in Sources */ = {isa = PBXBuildFile; fileRef = 959B37522D32C41B00663E90 /* HomeView.swift */; };
		959B37562D32C5DB00663E90 /* HomeRepository.swift in Sources */ = {isa = PBXBuildFile; fileRef = 959B37552D32C5DB00663E90 /* HomeRepository.swift */; };
		95E296772D2C088F006F9B51 /* HomeViewController.swift in Sources */ = {isa = PBXBuildFile; fileRef = 95E296762D2C088F006F9B51 /* HomeViewController.swift */; };
/* End PBXBuildFile section */

/* Begin PBXFileReference section */
		952368B32D0538F7004DFE98 /* mohajistudio-developers-iOS.app */ = {isa = PBXFileReference; explicitFileType = wrapper.application; includeInIndex = 0; path = "mohajistudio-developers-iOS.app"; sourceTree = BUILT_PRODUCTS_DIR; };
		952368B62D0538F7004DFE98 /* AppDelegate.swift */ = {isa = PBXFileReference; lastKnownFileType = sourcecode.swift; path = AppDelegate.swift; sourceTree = "<group>"; };
		952368B82D0538F7004DFE98 /* SceneDelegate.swift */ = {isa = PBXFileReference; lastKnownFileType = sourcecode.swift; path = SceneDelegate.swift; sourceTree = "<group>"; };
		952368BA2D0538F7004DFE98 /* SignUpViewController.swift */ = {isa = PBXFileReference; lastKnownFileType = sourcecode.swift; path = SignUpViewController.swift; sourceTree = "<group>"; };
		952368BF2D0538F8004DFE98 /* Assets.xcassets */ = {isa = PBXFileReference; lastKnownFileType = folder.assetcatalog; path = Assets.xcassets; sourceTree = "<group>"; };
		952368C22D0538F8004DFE98 /* Base */ = {isa = PBXFileReference; lastKnownFileType = file.storyboard; name = Base; path = Base.lproj/LaunchScreen.storyboard; sourceTree = "<group>"; };
		952368C42D0538F8004DFE98 /* Info.plist */ = {isa = PBXFileReference; lastKnownFileType = text.plist.xml; path = Info.plist; sourceTree = "<group>"; };
		9571E57A2D27EEC000BD70A0 /* BaseStepView.swift */ = {isa = PBXFileReference; lastKnownFileType = sourcecode.swift; path = BaseStepView.swift; sourceTree = "<group>"; };
		9577439E2D2187F40015F631 /* SetPasswordView.swift */ = {isa = PBXFileReference; lastKnownFileType = sourcecode.swift; path = SetPasswordView.swift; sourceTree = "<group>"; };
		957743A02D21900C0015F631 /* SetProfileNameView.swift */ = {isa = PBXFileReference; lastKnownFileType = sourcecode.swift; path = SetProfileNameView.swift; sourceTree = "<group>"; };
		957743A22D21A64A0015F631 /* VerifyEmailCodeResponse.swift */ = {isa = PBXFileReference; lastKnownFileType = sourcecode.swift; path = VerifyEmailCodeResponse.swift; sourceTree = "<group>"; };
		957743A42D21B6DF0015F631 /* KeychainHelper.swift */ = {isa = PBXFileReference; lastKnownFileType = sourcecode.swift; path = KeychainHelper.swift; sourceTree = "<group>"; };
		957743A92D2264B70015F631 /* AuthInterceptor.swift */ = {isa = PBXFileReference; lastKnownFileType = sourcecode.swift; path = AuthInterceptor.swift; sourceTree = "<group>"; };
		957DC6A42D2EB74E005CB3AA /* PasswordTooltipView.swift */ = {isa = PBXFileReference; lastKnownFileType = sourcecode.swift; path = PasswordTooltipView.swift; sourceTree = "<group>"; };
		95825CBA2D130F620049F460 /* AuthButton.swift */ = {isa = PBXFileReference; lastKnownFileType = sourcecode.swift; path = AuthButton.swift; sourceTree = "<group>"; };
		958518F62D1CF695000A8CD9 /* ValidationUtility.swift */ = {isa = PBXFileReference; lastKnownFileType = sourcecode.swift; path = ValidationUtility.swift; sourceTree = "<group>"; };
		958518F82D1D4E8B000A8CD9 /* NetworkError.swift */ = {isa = PBXFileReference; lastKnownFileType = sourcecode.swift; path = NetworkError.swift; sourceTree = "<group>"; };
		958518FA2D1D4F68000A8CD9 /* AuthRouter.swift */ = {isa = PBXFileReference; lastKnownFileType = sourcecode.swift; path = AuthRouter.swift; sourceTree = "<group>"; };
		958518FC2D1D4FBB000A8CD9 /* NetworkConfiguration.swift */ = {isa = PBXFileReference; lastKnownFileType = sourcecode.swift; path = NetworkConfiguration.swift; sourceTree = "<group>"; };
		958518FE2D1D52CE000A8CD9 /* HTTPHeaderFields.swift */ = {isa = PBXFileReference; lastKnownFileType = sourcecode.swift; path = HTTPHeaderFields.swift; sourceTree = "<group>"; };
		958519002D1D5374000A8CD9 /* MultipartFormData.swift */ = {isa = PBXFileReference; lastKnownFileType = sourcecode.swift; path = MultipartFormData.swift; sourceTree = "<group>"; };
		958519022D1D5536000A8CD9 /* AuthRepository.swift */ = {isa = PBXFileReference; lastKnownFileType = sourcecode.swift; path = AuthRepository.swift; sourceTree = "<group>"; };
		958519042D1E9C02000A8CD9 /* UIViewController+.swift */ = {isa = PBXFileReference; lastKnownFileType = sourcecode.swift; path = "UIViewController+.swift"; sourceTree = "<group>"; };
		958519062D1EA5A3000A8CD9 /* AuthRequest.swift */ = {isa = PBXFileReference; lastKnownFileType = sourcecode.swift; path = AuthRequest.swift; sourceTree = "<group>"; };
		958519082D1EA9E8000A8CD9 /* EmailVerificationView.swift */ = {isa = PBXFileReference; lastKnownFileType = sourcecode.swift; path = EmailVerificationView.swift; sourceTree = "<group>"; };
		9589BE2B2D0B142E00DF99E8 /* UIColor+.swift */ = {isa = PBXFileReference; lastKnownFileType = sourcecode.swift; path = "UIColor+.swift"; sourceTree = "<group>"; };
		9589BE552D0B287500DF99E8 /* Pretendard-Black.otf */ = {isa = PBXFileReference; lastKnownFileType = file; path = "Pretendard-Black.otf"; sourceTree = "<group>"; };
		9589BE562D0B287500DF99E8 /* Pretendard-Bold.otf */ = {isa = PBXFileReference; lastKnownFileType = file; path = "Pretendard-Bold.otf"; sourceTree = "<group>"; };
		9589BE572D0B287500DF99E8 /* Pretendard-ExtraBold.otf */ = {isa = PBXFileReference; lastKnownFileType = file; path = "Pretendard-ExtraBold.otf"; sourceTree = "<group>"; };
		9589BE582D0B287500DF99E8 /* Pretendard-ExtraLight.otf */ = {isa = PBXFileReference; lastKnownFileType = file; path = "Pretendard-ExtraLight.otf"; sourceTree = "<group>"; };
		9589BE592D0B287500DF99E8 /* Pretendard-Light.otf */ = {isa = PBXFileReference; lastKnownFileType = file; path = "Pretendard-Light.otf"; sourceTree = "<group>"; };
		9589BE5A2D0B287500DF99E8 /* Pretendard-Medium.otf */ = {isa = PBXFileReference; lastKnownFileType = file; path = "Pretendard-Medium.otf"; sourceTree = "<group>"; };
		9589BE5B2D0B287500DF99E8 /* Pretendard-Regular.otf */ = {isa = PBXFileReference; lastKnownFileType = file; path = "Pretendard-Regular.otf"; sourceTree = "<group>"; };
		9589BE5C2D0B287500DF99E8 /* Pretendard-SemiBold.otf */ = {isa = PBXFileReference; lastKnownFileType = file; path = "Pretendard-SemiBold.otf"; sourceTree = "<group>"; };
		9589BE5D2D0B287500DF99E8 /* Pretendard-Thin.otf */ = {isa = PBXFileReference; lastKnownFileType = file; path = "Pretendard-Thin.otf"; sourceTree = "<group>"; };
		958C319D2D104689003A2BB5 /* LoginViewController.swift */ = {isa = PBXFileReference; lastKnownFileType = sourcecode.swift; path = LoginViewController.swift; sourceTree = "<group>"; };
		958C31A22D1046C7003A2BB5 /* LoginViewModel.swift */ = {isa = PBXFileReference; lastKnownFileType = sourcecode.swift; path = LoginViewModel.swift; sourceTree = "<group>"; };
		958C31A42D1046D5003A2BB5 /* EmailView.swift */ = {isa = PBXFileReference; lastKnownFileType = sourcecode.swift; path = EmailView.swift; sourceTree = "<group>"; };
		958C31A62D1049E5003A2BB5 /* SurfaceView.swift */ = {isa = PBXFileReference; lastKnownFileType = sourcecode.swift; path = SurfaceView.swift; sourceTree = "<group>"; };
		958C31AB2D104C96003A2BB5 /* SignUpView.swift */ = {isa = PBXFileReference; lastKnownFileType = sourcecode.swift; path = SignUpView.swift; sourceTree = "<group>"; };
		958C31AD2D104CCC003A2BB5 /* SignUpViewModel.swift */ = {isa = PBXFileReference; lastKnownFileType = sourcecode.swift; path = SignUpViewModel.swift; sourceTree = "<group>"; };
		958C31AF2D105B40003A2BB5 /* InputFormView.swift */ = {isa = PBXFileReference; lastKnownFileType = sourcecode.swift; path = InputFormView.swift; sourceTree = "<group>"; };
		958E03AD2D19640900BF9284 /* PasswordView.swift */ = {isa = PBXFileReference; lastKnownFileType = sourcecode.swift; path = PasswordView.swift; sourceTree = "<group>"; };
		959B374E2D32C3E100663E90 /* HomeViewModel.swift */ = {isa = PBXFileReference; lastKnownFileType = sourcecode.swift; path = HomeViewModel.swift; sourceTree = "<group>"; };
		959B37522D32C41B00663E90 /* HomeView.swift */ = {isa = PBXFileReference; lastKnownFileType = sourcecode.swift; path = HomeView.swift; sourceTree = "<group>"; };
		959B37552D32C5DB00663E90 /* HomeRepository.swift */ = {isa = PBXFileReference; lastKnownFileType = sourcecode.swift; path = HomeRepository.swift; sourceTree = "<group>"; };
		95E296762D2C088F006F9B51 /* HomeViewController.swift */ = {isa = PBXFileReference; lastKnownFileType = sourcecode.swift; path = HomeViewController.swift; sourceTree = "<group>"; };
/* End PBXFileReference section */

/* Begin PBXFrameworksBuildPhase section */
		952368B02D0538F7004DFE98 /* Frameworks */ = {
			isa = PBXFrameworksBuildPhase;
			buildActionMask = 2147483647;
			files = (
				952368D62D0542FB004DFE98 /* Then in Frameworks */,
				952368D12D0542E3004DFE98 /* SnapKit in Frameworks */,
				957743A82D21B7690015F631 /* SwiftKeychainWrapper in Frameworks */,
				952368CC2D0542B0004DFE98 /* Alamofire in Frameworks */,
				952368CE2D0542B0004DFE98 /* AlamofireDynamic in Frameworks */,
				952368D32D0542E3004DFE98 /* SnapKit-Dynamic in Frameworks */,
			);
			runOnlyForDeploymentPostprocessing = 0;
		};
/* End PBXFrameworksBuildPhase section */

/* Begin PBXGroup section */
		952368AA2D0538F7004DFE98 = {
			isa = PBXGroup;
			children = (
				952368B52D0538F7004DFE98 /* mohajistudio-developers-iOS */,
				952368B42D0538F7004DFE98 /* Products */,
			);
			sourceTree = "<group>";
		};
		952368B42D0538F7004DFE98 /* Products */ = {
			isa = PBXGroup;
			children = (
				952368B32D0538F7004DFE98 /* mohajistudio-developers-iOS.app */,
			);
			name = Products;
			sourceTree = "<group>";
		};
		952368B52D0538F7004DFE98 /* mohajistudio-developers-iOS */ = {
			isa = PBXGroup;
			children = (
				9589BE5E2D0B287500DF99E8 /* Fonts */,
				958F92C12D0DB73400B5FD7B /* Application */,
				9589BE292D0B13F500DF99E8 /* Global */,
				958F92D12D0DB9C300B5FD7B /* Network */,
				958F92D42D0DB9FD00B5FD7B /* Models */,
				958F92D72D0DBA2F00B5FD7B /* Repositories */,
				958F92CD2D0DB7EA00B5FD7B /* Presentation */,
				958F92D02D0DB82800B5FD7B /* Resources */,
				952368C12D0538F8004DFE98 /* LaunchScreen.storyboard */,
				952368C42D0538F8004DFE98 /* Info.plist */,
			);
			path = "mohajistudio-developers-iOS";
			sourceTree = "<group>";
		};
		9589BE292D0B13F500DF99E8 /* Global */ = {
			isa = PBXGroup;
			children = (
				9589BE2A2D0B140000DF99E8 /* Extension */,
				958518F62D1CF695000A8CD9 /* ValidationUtility.swift */,
				957743A42D21B6DF0015F631 /* KeychainHelper.swift */,
			);
			path = Global;
			sourceTree = "<group>";
		};
		9589BE2A2D0B140000DF99E8 /* Extension */ = {
			isa = PBXGroup;
			children = (
				9589BE2B2D0B142E00DF99E8 /* UIColor+.swift */,
				958519042D1E9C02000A8CD9 /* UIViewController+.swift */,
			);
			path = Extension;
			sourceTree = "<group>";
		};
		9589BE5E2D0B287500DF99E8 /* Fonts */ = {
			isa = PBXGroup;
			children = (
				9589BE552D0B287500DF99E8 /* Pretendard-Black.otf */,
				9589BE562D0B287500DF99E8 /* Pretendard-Bold.otf */,
				9589BE572D0B287500DF99E8 /* Pretendard-ExtraBold.otf */,
				9589BE582D0B287500DF99E8 /* Pretendard-ExtraLight.otf */,
				9589BE592D0B287500DF99E8 /* Pretendard-Light.otf */,
				9589BE5A2D0B287500DF99E8 /* Pretendard-Medium.otf */,
				9589BE5B2D0B287500DF99E8 /* Pretendard-Regular.otf */,
				9589BE5C2D0B287500DF99E8 /* Pretendard-SemiBold.otf */,
				9589BE5D2D0B287500DF99E8 /* Pretendard-Thin.otf */,
			);
			path = Fonts;
			sourceTree = "<group>";
		};
		958C319F2D10468E003A2BB5 /* ViewControllers */ = {
			isa = PBXGroup;
			children = (
				958C319D2D104689003A2BB5 /* LoginViewController.swift */,
			);
			path = ViewControllers;
			sourceTree = "<group>";
		};
		958C31A02D10469F003A2BB5 /* Views */ = {
			isa = PBXGroup;
			children = (
				958C31A42D1046D5003A2BB5 /* EmailView.swift */,
				958E03AD2D19640900BF9284 /* PasswordView.swift */,
			);
			path = Views;
			sourceTree = "<group>";
		};
		958C31A12D1046A3003A2BB5 /* ViewModels */ = {
			isa = PBXGroup;
			children = (
				958C31A22D1046C7003A2BB5 /* LoginViewModel.swift */,
			);
			path = ViewModels;
			sourceTree = "<group>";
		};
		958C31A82D104C6F003A2BB5 /* Views */ = {
			isa = PBXGroup;
			children = (
				958C31AB2D104C96003A2BB5 /* SignUpView.swift */,
				958519082D1EA9E8000A8CD9 /* EmailVerificationView.swift */,
				9577439E2D2187F40015F631 /* SetPasswordView.swift */,
				957743A02D21900C0015F631 /* SetProfileNameView.swift */,
				9571E57A2D27EEC000BD70A0 /* BaseStepView.swift */,
				957DC6A42D2EB74E005CB3AA /* PasswordTooltipView.swift */,
			);
			path = Views;
			sourceTree = "<group>";
		};
		958C31A92D104C72003A2BB5 /* ViewModels */ = {
			isa = PBXGroup;
			children = (
				958C31AD2D104CCC003A2BB5 /* SignUpViewModel.swift */,
			);
			path = ViewModels;
			sourceTree = "<group>";
		};
		958C31AA2D104C79003A2BB5 /* ViewControllers */ = {
			isa = PBXGroup;
			children = (
				952368BA2D0538F7004DFE98 /* SignUpViewController.swift */,
			);
			path = ViewControllers;
			sourceTree = "<group>";
		};
		958F92C12D0DB73400B5FD7B /* Application */ = {
			isa = PBXGroup;
			children = (
				952368B62D0538F7004DFE98 /* AppDelegate.swift */,
				952368B82D0538F7004DFE98 /* SceneDelegate.swift */,
			);
			path = Application;
			sourceTree = "<group>";
		};
		958F92CD2D0DB7EA00B5FD7B /* Presentation */ = {
			isa = PBXGroup;
			children = (
				958F92CF2D0DB81800B5FD7B /* Scenes */,
				958F92CE2D0DB81100B5FD7B /* Common */,
			);
			path = Presentation;
			sourceTree = "<group>";
		};
		958F92CE2D0DB81100B5FD7B /* Common */ = {
			isa = PBXGroup;
			children = (
			);
			path = Common;
			sourceTree = "<group>";
		};
		958F92CF2D0DB81800B5FD7B /* Scenes */ = {
			isa = PBXGroup;
			children = (
				958F92D92D0DBF2300B5FD7B /* Auth */,
				95E296702D2C07FF006F9B51 /* Home */,
			);
			path = Scenes;
			sourceTree = "<group>";
		};
		958F92D02D0DB82800B5FD7B /* Resources */ = {
			isa = PBXGroup;
			children = (
				952368BF2D0538F8004DFE98 /* Assets.xcassets */,
			);
			path = Resources;
			sourceTree = "<group>";
		};
		958F92D12D0DB9C300B5FD7B /* Network */ = {
			isa = PBXGroup;
			children = (
				958F92D22D0DB9CB00B5FD7B /* Base */,
				958F92D32D0DB9D000B5FD7B /* APIRouter */,
			);
			path = Network;
			sourceTree = "<group>";
		};
		958F92D22D0DB9CB00B5FD7B /* Base */ = {
			isa = PBXGroup;
			children = (
				958518F82D1D4E8B000A8CD9 /* NetworkError.swift */,
				958518FC2D1D4FBB000A8CD9 /* NetworkConfiguration.swift */,
				958518FE2D1D52CE000A8CD9 /* HTTPHeaderFields.swift */,
				958519002D1D5374000A8CD9 /* MultipartFormData.swift */,
				957743A92D2264B70015F631 /* AuthInterceptor.swift */,
			);
			path = Base;
			sourceTree = "<group>";
		};
		958F92D32D0DB9D000B5FD7B /* APIRouter */ = {
			isa = PBXGroup;
			children = (
				958518FA2D1D4F68000A8CD9 /* AuthRouter.swift */,
			);
			path = APIRouter;
			sourceTree = "<group>";
		};
		958F92D42D0DB9FD00B5FD7B /* Models */ = {
			isa = PBXGroup;
			children = (
				958F92D52D0DBA1A00B5FD7B /* Request */,
				958F92D62D0DBA1F00B5FD7B /* Response */,
			);
			path = Models;
			sourceTree = "<group>";
		};
		958F92D52D0DBA1A00B5FD7B /* Request */ = {
			isa = PBXGroup;
			children = (
				958519062D1EA5A3000A8CD9 /* AuthRequest.swift */,
			);
			path = Request;
			sourceTree = "<group>";
		};
		958F92D62D0DBA1F00B5FD7B /* Response */ = {
			isa = PBXGroup;
			children = (
				957743A22D21A64A0015F631 /* VerifyEmailCodeResponse.swift */,
			);
			path = Response;
			sourceTree = "<group>";
		};
		958F92D72D0DBA2F00B5FD7B /* Repositories */ = {
			isa = PBXGroup;
			children = (
				959B37542D32C5C900663E90 /* Home */,
				958F92D82D0DBF0A00B5FD7B /* Auth */,
			);
			path = Repositories;
			sourceTree = "<group>";
		};
		958F92D82D0DBF0A00B5FD7B /* Auth */ = {
			isa = PBXGroup;
			children = (
				958519022D1D5536000A8CD9 /* AuthRepository.swift */,
			);
			path = Auth;
			sourceTree = "<group>";
		};
		958F92D92D0DBF2300B5FD7B /* Auth */ = {
			isa = PBXGroup;
			children = (
				958F92DC2D0DBF8700B5FD7B /* SignUp */,
				958F92DB2D0DBF4500B5FD7B /* Login */,
				958F92DA2D0DBF3500B5FD7B /* Common */,
			);
			path = Auth;
			sourceTree = "<group>";
		};
		958F92DA2D0DBF3500B5FD7B /* Common */ = {
			isa = PBXGroup;
			children = (
				958C31A62D1049E5003A2BB5 /* SurfaceView.swift */,
				958C31AF2D105B40003A2BB5 /* InputFormView.swift */,
				95825CBA2D130F620049F460 /* AuthButton.swift */,
			);
			path = Common;
			sourceTree = "<group>";
		};
		958F92DB2D0DBF4500B5FD7B /* Login */ = {
			isa = PBXGroup;
			children = (
				958C31A02D10469F003A2BB5 /* Views */,
				958C31A12D1046A3003A2BB5 /* ViewModels */,
				958C319F2D10468E003A2BB5 /* ViewControllers */,
			);
			path = Login;
			sourceTree = "<group>";
		};
		958F92DC2D0DBF8700B5FD7B /* SignUp */ = {
			isa = PBXGroup;
			children = (
				958C31A82D104C6F003A2BB5 /* Views */,
				958C31A92D104C72003A2BB5 /* ViewModels */,
				958C31AA2D104C79003A2BB5 /* ViewControllers */,
			);
			path = SignUp;
			sourceTree = "<group>";
		};
		959B37542D32C5C900663E90 /* Home */ = {
			isa = PBXGroup;
			children = (
				959B37552D32C5DB00663E90 /* HomeRepository.swift */,
			);
			path = Home;
			sourceTree = "<group>";
		};
		95E296702D2C07FF006F9B51 /* Home */ = {
			isa = PBXGroup;
			children = (
				95E296712D2C0823006F9B51 /* Views */,
				95E296722D2C0830006F9B51 /* ViewModels */,
				95E296732D2C0841006F9B51 /* ViewControllers */,
			);
			path = Home;
			sourceTree = "<group>";
		};
		95E296712D2C0823006F9B51 /* Views */ = {
			isa = PBXGroup;
			children = (
				959B37522D32C41B00663E90 /* HomeView.swift */,
			);
			path = Views;
			sourceTree = "<group>";
		};
		95E296722D2C0830006F9B51 /* ViewModels */ = {
			isa = PBXGroup;
			children = (
				959B374E2D32C3E100663E90 /* HomeViewModel.swift */,
			);
			path = ViewModels;
			sourceTree = "<group>";
		};
		95E296732D2C0841006F9B51 /* ViewControllers */ = {
			isa = PBXGroup;
			children = (
				95E296762D2C088F006F9B51 /* HomeViewController.swift */,
			);
			path = ViewControllers;
			sourceTree = "<group>";
		};
/* End PBXGroup section */

/* Begin PBXNativeTarget section */
		952368B22D0538F7004DFE98 /* mohajistudio-developers-iOS */ = {
			isa = PBXNativeTarget;
			buildConfigurationList = 952368C72D0538F8004DFE98 /* Build configuration list for PBXNativeTarget "mohajistudio-developers-iOS" */;
			buildPhases = (
				952368AF2D0538F7004DFE98 /* Sources */,
				952368B02D0538F7004DFE98 /* Frameworks */,
				952368B12D0538F7004DFE98 /* Resources */,
			);
			buildRules = (
			);
			dependencies = (
			);
			name = "mohajistudio-developers-iOS";
			packageProductDependencies = (
				952368CB2D0542B0004DFE98 /* Alamofire */,
				952368CD2D0542B0004DFE98 /* AlamofireDynamic */,
				952368D02D0542E3004DFE98 /* SnapKit */,
				952368D22D0542E3004DFE98 /* SnapKit-Dynamic */,
				952368D52D0542FB004DFE98 /* Then */,
				957743A72D21B7690015F631 /* SwiftKeychainWrapper */,
			);
			productName = "mohajistudio-developers-iOS";
			productReference = 952368B32D0538F7004DFE98 /* mohajistudio-developers-iOS.app */;
			productType = "com.apple.product-type.application";
		};
/* End PBXNativeTarget section */

/* Begin PBXProject section */
		952368AB2D0538F7004DFE98 /* Project object */ = {
			isa = PBXProject;
			attributes = {
				BuildIndependentTargetsInParallel = 1;
				LastSwiftUpdateCheck = 1530;
				LastUpgradeCheck = 1530;
				TargetAttributes = {
					952368B22D0538F7004DFE98 = {
						CreatedOnToolsVersion = 15.3;
					};
				};
			};
			buildConfigurationList = 952368AE2D0538F7004DFE98 /* Build configuration list for PBXProject "mohajistudio-developers-iOS" */;
			compatibilityVersion = "Xcode 14.0";
			developmentRegion = en;
			hasScannedForEncodings = 0;
			knownRegions = (
				en,
				Base,
			);
			mainGroup = 952368AA2D0538F7004DFE98;
			packageReferences = (
				952368CA2D0542B0004DFE98 /* XCRemoteSwiftPackageReference "Alamofire" */,
				952368CF2D0542E3004DFE98 /* XCRemoteSwiftPackageReference "SnapKit" */,
				952368D42D0542FB004DFE98 /* XCRemoteSwiftPackageReference "Then" */,
				957743A62D21B7690015F631 /* XCRemoteSwiftPackageReference "SwiftKeychainWrapper" */,
			);
			productRefGroup = 952368B42D0538F7004DFE98 /* Products */;
			projectDirPath = "";
			projectRoot = "";
			targets = (
				952368B22D0538F7004DFE98 /* mohajistudio-developers-iOS */,
			);
		};
/* End PBXProject section */

/* Begin PBXResourcesBuildPhase section */
		952368B12D0538F7004DFE98 /* Resources */ = {
			isa = PBXResourcesBuildPhase;
			buildActionMask = 2147483647;
			files = (
				9589BE622D0B287500DF99E8 /* Pretendard-ExtraLight.otf in Resources */,
				952368C02D0538F8004DFE98 /* Assets.xcassets in Resources */,
				9589BE602D0B287500DF99E8 /* Pretendard-Bold.otf in Resources */,
				9589BE642D0B287500DF99E8 /* Pretendard-Medium.otf in Resources */,
				9589BE652D0B287500DF99E8 /* Pretendard-Regular.otf in Resources */,
				9589BE612D0B287500DF99E8 /* Pretendard-ExtraBold.otf in Resources */,
				9589BE632D0B287500DF99E8 /* Pretendard-Light.otf in Resources */,
				9589BE662D0B287500DF99E8 /* Pretendard-SemiBold.otf in Resources */,
				9589BE5F2D0B287500DF99E8 /* Pretendard-Black.otf in Resources */,
				9589BE672D0B287500DF99E8 /* Pretendard-Thin.otf in Resources */,
				952368C32D0538F8004DFE98 /* Base in Resources */,
			);
			runOnlyForDeploymentPostprocessing = 0;
		};
/* End PBXResourcesBuildPhase section */

/* Begin PBXSourcesBuildPhase section */
		952368AF2D0538F7004DFE98 /* Sources */ = {
			isa = PBXSourcesBuildPhase;
			buildActionMask = 2147483647;
			files = (
				958519092D1EA9E8000A8CD9 /* EmailVerificationView.swift in Sources */,
				957743AA2D2264B70015F631 /* AuthInterceptor.swift in Sources */,
				957743A32D21A64A0015F631 /* VerifyEmailCodeResponse.swift in Sources */,
				959B374F2D32C3E100663E90 /* HomeViewModel.swift in Sources */,
				958C31A72D1049E5003A2BB5 /* SurfaceView.swift in Sources */,
				958519072D1EA5A3000A8CD9 /* AuthRequest.swift in Sources */,
				95E296772D2C088F006F9B51 /* HomeViewController.swift in Sources */,
				95825CBB2D130F620049F460 /* AuthButton.swift in Sources */,
				959B37562D32C5DB00663E90 /* HomeRepository.swift in Sources */,
				9571E57B2D27EEC000BD70A0 /* BaseStepView.swift in Sources */,
				952368BB2D0538F7004DFE98 /* SignUpViewController.swift in Sources */,
				958C31AE2D104CCC003A2BB5 /* SignUpViewModel.swift in Sources */,
				958E03AE2D19640900BF9284 /* PasswordView.swift in Sources */,
				958518FF2D1D52CE000A8CD9 /* HTTPHeaderFields.swift in Sources */,
				957743A52D21B6DF0015F631 /* KeychainHelper.swift in Sources */,
				958518F72D1CF695000A8CD9 /* ValidationUtility.swift in Sources */,
				958C31B02D105B40003A2BB5 /* InputFormView.swift in Sources */,
				9577439F2D2187F40015F631 /* SetPasswordView.swift in Sources */,
				958519012D1D5374000A8CD9 /* MultipartFormData.swift in Sources */,
				958518FD2D1D4FBB000A8CD9 /* NetworkConfiguration.swift in Sources */,
				957DC6A52D2EB74E005CB3AA /* PasswordTooltipView.swift in Sources */,
				958C31A52D1046D5003A2BB5 /* EmailView.swift in Sources */,
				9589BE2C2D0B142E00DF99E8 /* UIColor+.swift in Sources */,
				958518F92D1D4E8B000A8CD9 /* NetworkError.swift in Sources */,
				958519032D1D5536000A8CD9 /* AuthRepository.swift in Sources */,
				958519052D1E9C02000A8CD9 /* UIViewController+.swift in Sources */,
				958C31A32D1046C7003A2BB5 /* LoginViewModel.swift in Sources */,
				952368B72D0538F7004DFE98 /* AppDelegate.swift in Sources */,
				959B37532D32C41B00663E90 /* HomeView.swift in Sources */,
				958C319E2D104689003A2BB5 /* LoginViewController.swift in Sources */,
				958C31AC2D104C96003A2BB5 /* SignUpView.swift in Sources */,
				958518FB2D1D4F68000A8CD9 /* AuthRouter.swift in Sources */,
				957743A12D21900C0015F631 /* SetProfileNameView.swift in Sources */,
				952368B92D0538F7004DFE98 /* SceneDelegate.swift in Sources */,
			);
			runOnlyForDeploymentPostprocessing = 0;
		};
/* End PBXSourcesBuildPhase section */

/* Begin PBXVariantGroup section */
		952368C12D0538F8004DFE98 /* LaunchScreen.storyboard */ = {
			isa = PBXVariantGroup;
			children = (
				952368C22D0538F8004DFE98 /* Base */,
			);
			name = LaunchScreen.storyboard;
			sourceTree = "<group>";
		};
/* End PBXVariantGroup section */

/* Begin XCBuildConfiguration section */
		952368C52D0538F8004DFE98 /* Debug */ = {
			isa = XCBuildConfiguration;
			buildSettings = {
				ALWAYS_SEARCH_USER_PATHS = NO;
				ASSETCATALOG_COMPILER_GENERATE_SWIFT_ASSET_SYMBOL_EXTENSIONS = YES;
				CLANG_ANALYZER_NONNULL = YES;
				CLANG_ANALYZER_NUMBER_OBJECT_CONVERSION = YES_AGGRESSIVE;
				CLANG_CXX_LANGUAGE_STANDARD = "gnu++20";
				CLANG_ENABLE_MODULES = YES;
				CLANG_ENABLE_OBJC_ARC = YES;
				CLANG_ENABLE_OBJC_WEAK = YES;
				CLANG_WARN_BLOCK_CAPTURE_AUTORELEASING = YES;
				CLANG_WARN_BOOL_CONVERSION = YES;
				CLANG_WARN_COMMA = YES;
				CLANG_WARN_CONSTANT_CONVERSION = YES;
				CLANG_WARN_DEPRECATED_OBJC_IMPLEMENTATIONS = YES;
				CLANG_WARN_DIRECT_OBJC_ISA_USAGE = YES_ERROR;
				CLANG_WARN_DOCUMENTATION_COMMENTS = YES;
				CLANG_WARN_EMPTY_BODY = YES;
				CLANG_WARN_ENUM_CONVERSION = YES;
				CLANG_WARN_INFINITE_RECURSION = YES;
				CLANG_WARN_INT_CONVERSION = YES;
				CLANG_WARN_NON_LITERAL_NULL_CONVERSION = YES;
				CLANG_WARN_OBJC_IMPLICIT_RETAIN_SELF = YES;
				CLANG_WARN_OBJC_LITERAL_CONVERSION = YES;
				CLANG_WARN_OBJC_ROOT_CLASS = YES_ERROR;
				CLANG_WARN_QUOTED_INCLUDE_IN_FRAMEWORK_HEADER = YES;
				CLANG_WARN_RANGE_LOOP_ANALYSIS = YES;
				CLANG_WARN_STRICT_PROTOTYPES = YES;
				CLANG_WARN_SUSPICIOUS_MOVE = YES;
				CLANG_WARN_UNGUARDED_AVAILABILITY = YES_AGGRESSIVE;
				CLANG_WARN_UNREACHABLE_CODE = YES;
				CLANG_WARN__DUPLICATE_METHOD_MATCH = YES;
				COPY_PHASE_STRIP = NO;
				DEBUG_INFORMATION_FORMAT = dwarf;
				ENABLE_STRICT_OBJC_MSGSEND = YES;
				ENABLE_TESTABILITY = YES;
				ENABLE_USER_SCRIPT_SANDBOXING = YES;
				GCC_C_LANGUAGE_STANDARD = gnu17;
				GCC_DYNAMIC_NO_PIC = NO;
				GCC_NO_COMMON_BLOCKS = YES;
				GCC_OPTIMIZATION_LEVEL = 0;
				GCC_PREPROCESSOR_DEFINITIONS = (
					"DEBUG=1",
					"$(inherited)",
				);
				GCC_WARN_64_TO_32_BIT_CONVERSION = YES;
				GCC_WARN_ABOUT_RETURN_TYPE = YES_ERROR;
				GCC_WARN_UNDECLARED_SELECTOR = YES;
				GCC_WARN_UNINITIALIZED_AUTOS = YES_AGGRESSIVE;
				GCC_WARN_UNUSED_FUNCTION = YES;
				GCC_WARN_UNUSED_VARIABLE = YES;
				IPHONEOS_DEPLOYMENT_TARGET = 17.4;
				LOCALIZATION_PREFERS_STRING_CATALOGS = YES;
				MTL_ENABLE_DEBUG_INFO = INCLUDE_SOURCE;
				MTL_FAST_MATH = YES;
				ONLY_ACTIVE_ARCH = YES;
				SDKROOT = iphoneos;
				SWIFT_ACTIVE_COMPILATION_CONDITIONS = "DEBUG $(inherited)";
				SWIFT_OPTIMIZATION_LEVEL = "-Onone";
			};
			name = Debug;
		};
		952368C62D0538F8004DFE98 /* Release */ = {
			isa = XCBuildConfiguration;
			buildSettings = {
				ALWAYS_SEARCH_USER_PATHS = NO;
				ASSETCATALOG_COMPILER_GENERATE_SWIFT_ASSET_SYMBOL_EXTENSIONS = YES;
				CLANG_ANALYZER_NONNULL = YES;
				CLANG_ANALYZER_NUMBER_OBJECT_CONVERSION = YES_AGGRESSIVE;
				CLANG_CXX_LANGUAGE_STANDARD = "gnu++20";
				CLANG_ENABLE_MODULES = YES;
				CLANG_ENABLE_OBJC_ARC = YES;
				CLANG_ENABLE_OBJC_WEAK = YES;
				CLANG_WARN_BLOCK_CAPTURE_AUTORELEASING = YES;
				CLANG_WARN_BOOL_CONVERSION = YES;
				CLANG_WARN_COMMA = YES;
				CLANG_WARN_CONSTANT_CONVERSION = YES;
				CLANG_WARN_DEPRECATED_OBJC_IMPLEMENTATIONS = YES;
				CLANG_WARN_DIRECT_OBJC_ISA_USAGE = YES_ERROR;
				CLANG_WARN_DOCUMENTATION_COMMENTS = YES;
				CLANG_WARN_EMPTY_BODY = YES;
				CLANG_WARN_ENUM_CONVERSION = YES;
				CLANG_WARN_INFINITE_RECURSION = YES;
				CLANG_WARN_INT_CONVERSION = YES;
				CLANG_WARN_NON_LITERAL_NULL_CONVERSION = YES;
				CLANG_WARN_OBJC_IMPLICIT_RETAIN_SELF = YES;
				CLANG_WARN_OBJC_LITERAL_CONVERSION = YES;
				CLANG_WARN_OBJC_ROOT_CLASS = YES_ERROR;
				CLANG_WARN_QUOTED_INCLUDE_IN_FRAMEWORK_HEADER = YES;
				CLANG_WARN_RANGE_LOOP_ANALYSIS = YES;
				CLANG_WARN_STRICT_PROTOTYPES = YES;
				CLANG_WARN_SUSPICIOUS_MOVE = YES;
				CLANG_WARN_UNGUARDED_AVAILABILITY = YES_AGGRESSIVE;
				CLANG_WARN_UNREACHABLE_CODE = YES;
				CLANG_WARN__DUPLICATE_METHOD_MATCH = YES;
				COPY_PHASE_STRIP = NO;
				DEBUG_INFORMATION_FORMAT = "dwarf-with-dsym";
				ENABLE_NS_ASSERTIONS = NO;
				ENABLE_STRICT_OBJC_MSGSEND = YES;
				ENABLE_USER_SCRIPT_SANDBOXING = YES;
				GCC_C_LANGUAGE_STANDARD = gnu17;
				GCC_NO_COMMON_BLOCKS = YES;
				GCC_WARN_64_TO_32_BIT_CONVERSION = YES;
				GCC_WARN_ABOUT_RETURN_TYPE = YES_ERROR;
				GCC_WARN_UNDECLARED_SELECTOR = YES;
				GCC_WARN_UNINITIALIZED_AUTOS = YES_AGGRESSIVE;
				GCC_WARN_UNUSED_FUNCTION = YES;
				GCC_WARN_UNUSED_VARIABLE = YES;
				IPHONEOS_DEPLOYMENT_TARGET = 17.4;
				LOCALIZATION_PREFERS_STRING_CATALOGS = YES;
				MTL_ENABLE_DEBUG_INFO = NO;
				MTL_FAST_MATH = YES;
				SDKROOT = iphoneos;
				SWIFT_COMPILATION_MODE = wholemodule;
				VALIDATE_PRODUCT = YES;
			};
			name = Release;
		};
		952368C82D0538F8004DFE98 /* Debug */ = {
			isa = XCBuildConfiguration;
			buildSettings = {
				ASSETCATALOG_COMPILER_APPICON_NAME = AppIcon;
				ASSETCATALOG_COMPILER_GLOBAL_ACCENT_COLOR_NAME = AccentColor;
				CODE_SIGN_STYLE = Automatic;
				CURRENT_PROJECT_VERSION = 1;
				DEVELOPMENT_TEAM = R6V7ZUXR5H;
				GENERATE_INFOPLIST_FILE = YES;
				INFOPLIST_FILE = "mohajistudio-developers-iOS/Info.plist";
				INFOPLIST_KEY_UIApplicationSupportsIndirectInputEvents = YES;
				INFOPLIST_KEY_UILaunchStoryboardName = LaunchScreen;
				INFOPLIST_KEY_UISupportedInterfaceOrientations_iPad = "UIInterfaceOrientationPortrait UIInterfaceOrientationPortraitUpsideDown UIInterfaceOrientationLandscapeLeft UIInterfaceOrientationLandscapeRight";
				INFOPLIST_KEY_UISupportedInterfaceOrientations_iPhone = "UIInterfaceOrientationPortrait UIInterfaceOrientationLandscapeLeft UIInterfaceOrientationLandscapeRight";
				IPHONEOS_DEPLOYMENT_TARGET = 16.0;
				LD_RUNPATH_SEARCH_PATHS = (
					"$(inherited)",
					"@executable_path/Frameworks",
				);
				MARKETING_VERSION = 1.0;
				PRODUCT_BUNDLE_IDENTIFIER = "com.sks5075.mohajistudio-developers-iOS";
				PRODUCT_NAME = "$(TARGET_NAME)";
				SWIFT_EMIT_LOC_STRINGS = YES;
				SWIFT_VERSION = 5.0;
				TARGETED_DEVICE_FAMILY = "1,2";
			};
			name = Debug;
		};
		952368C92D0538F8004DFE98 /* Release */ = {
			isa = XCBuildConfiguration;
			buildSettings = {
				ASSETCATALOG_COMPILER_APPICON_NAME = AppIcon;
				ASSETCATALOG_COMPILER_GLOBAL_ACCENT_COLOR_NAME = AccentColor;
				CODE_SIGN_STYLE = Automatic;
				CURRENT_PROJECT_VERSION = 1;
				DEVELOPMENT_TEAM = R6V7ZUXR5H;
				GENERATE_INFOPLIST_FILE = YES;
				INFOPLIST_FILE = "mohajistudio-developers-iOS/Info.plist";
				INFOPLIST_KEY_UIApplicationSupportsIndirectInputEvents = YES;
				INFOPLIST_KEY_UILaunchStoryboardName = LaunchScreen;
				INFOPLIST_KEY_UISupportedInterfaceOrientations_iPad = "UIInterfaceOrientationPortrait UIInterfaceOrientationPortraitUpsideDown UIInterfaceOrientationLandscapeLeft UIInterfaceOrientationLandscapeRight";
				INFOPLIST_KEY_UISupportedInterfaceOrientations_iPhone = "UIInterfaceOrientationPortrait UIInterfaceOrientationLandscapeLeft UIInterfaceOrientationLandscapeRight";
				IPHONEOS_DEPLOYMENT_TARGET = 16.0;
				LD_RUNPATH_SEARCH_PATHS = (
					"$(inherited)",
					"@executable_path/Frameworks",
				);
				MARKETING_VERSION = 1.0;
				PRODUCT_BUNDLE_IDENTIFIER = "com.sks5075.mohajistudio-developers-iOS";
				PRODUCT_NAME = "$(TARGET_NAME)";
				SWIFT_EMIT_LOC_STRINGS = YES;
				SWIFT_VERSION = 5.0;
				TARGETED_DEVICE_FAMILY = "1,2";
			};
			name = Release;
		};
/* End XCBuildConfiguration section */

/* Begin XCConfigurationList section */
		952368AE2D0538F7004DFE98 /* Build configuration list for PBXProject "mohajistudio-developers-iOS" */ = {
			isa = XCConfigurationList;
			buildConfigurations = (
				952368C52D0538F8004DFE98 /* Debug */,
				952368C62D0538F8004DFE98 /* Release */,
			);
			defaultConfigurationIsVisible = 0;
			defaultConfigurationName = Release;
		};
		952368C72D0538F8004DFE98 /* Build configuration list for PBXNativeTarget "mohajistudio-developers-iOS" */ = {
			isa = XCConfigurationList;
			buildConfigurations = (
				952368C82D0538F8004DFE98 /* Debug */,
				952368C92D0538F8004DFE98 /* Release */,
			);
			defaultConfigurationIsVisible = 0;
			defaultConfigurationName = Release;
		};
/* End XCConfigurationList section */

/* Begin XCRemoteSwiftPackageReference section */
		952368CA2D0542B0004DFE98 /* XCRemoteSwiftPackageReference "Alamofire" */ = {
			isa = XCRemoteSwiftPackageReference;
			repositoryURL = "https://github.com/Alamofire/Alamofire.git";
			requirement = {
				kind = upToNextMajorVersion;
				minimumVersion = 5.10.2;
			};
		};
		952368CF2D0542E3004DFE98 /* XCRemoteSwiftPackageReference "SnapKit" */ = {
			isa = XCRemoteSwiftPackageReference;
			repositoryURL = "https://github.com/SnapKit/SnapKit.git";
			requirement = {
				kind = upToNextMajorVersion;
				minimumVersion = 5.7.1;
			};
		};
		952368D42D0542FB004DFE98 /* XCRemoteSwiftPackageReference "Then" */ = {
			isa = XCRemoteSwiftPackageReference;
			repositoryURL = "https://github.com/devxoul/Then.git";
			requirement = {
				kind = upToNextMajorVersion;
				minimumVersion = 3.0.0;
			};
		};
		957743A62D21B7690015F631 /* XCRemoteSwiftPackageReference "SwiftKeychainWrapper" */ = {
			isa = XCRemoteSwiftPackageReference;
			repositoryURL = "https://github.com/jrendel/SwiftKeychainWrapper";
			requirement = {
				kind = upToNextMajorVersion;
				minimumVersion = 4.0.1;
			};
		};
/* End XCRemoteSwiftPackageReference section */

/* Begin XCSwiftPackageProductDependency section */
		952368CB2D0542B0004DFE98 /* Alamofire */ = {
			isa = XCSwiftPackageProductDependency;
			package = 952368CA2D0542B0004DFE98 /* XCRemoteSwiftPackageReference "Alamofire" */;
			productName = Alamofire;
		};
		952368CD2D0542B0004DFE98 /* AlamofireDynamic */ = {
			isa = XCSwiftPackageProductDependency;
			package = 952368CA2D0542B0004DFE98 /* XCRemoteSwiftPackageReference "Alamofire" */;
			productName = AlamofireDynamic;
		};
		952368D02D0542E3004DFE98 /* SnapKit */ = {
			isa = XCSwiftPackageProductDependency;
			package = 952368CF2D0542E3004DFE98 /* XCRemoteSwiftPackageReference "SnapKit" */;
			productName = SnapKit;
		};
		952368D22D0542E3004DFE98 /* SnapKit-Dynamic */ = {
			isa = XCSwiftPackageProductDependency;
			package = 952368CF2D0542E3004DFE98 /* XCRemoteSwiftPackageReference "SnapKit" */;
			productName = "SnapKit-Dynamic";
		};
		952368D52D0542FB004DFE98 /* Then */ = {
			isa = XCSwiftPackageProductDependency;
			package = 952368D42D0542FB004DFE98 /* XCRemoteSwiftPackageReference "Then" */;
			productName = Then;
		};
		957743A72D21B7690015F631 /* SwiftKeychainWrapper */ = {
			isa = XCSwiftPackageProductDependency;
			package = 957743A62D21B7690015F631 /* XCRemoteSwiftPackageReference "SwiftKeychainWrapper" */;
			productName = SwiftKeychainWrapper;
		};
/* End XCSwiftPackageProductDependency section */
	};
	rootObject = 952368AB2D0538F7004DFE98 /* Project object */;
}
