// !$*UTF8*$!
{
	archiveVersion = 1;
	classes = {
	};
	objectVersion = 56;
	objects = {

/* Begin PBXBuildFile section */
		952368B72D0538F7004DFE98 /* AppDelegate.swift in Sources */ = {isa = PBXBuildFile; fileRef = 952368B62D0538F7004DFE98 /* AppDelegate.swift */; };
		952368B92D0538F7004DFE98 /* SceneDelegate.swift in Sources */ = {isa = PBXBuildFile; fileRef = 952368B82D0538F7004DFE98 /* SceneDelegate.swift */; };
		952368BB2D0538F7004DFE98 /* ViewController.swift in Sources */ = {isa = PBXBuildFile; fileRef = 952368BA2D0538F7004DFE98 /* ViewController.swift */; };
		952368C02D0538F8004DFE98 /* Assets.xcassets in Resources */ = {isa = PBXBuildFile; fileRef = 952368BF2D0538F8004DFE98 /* Assets.xcassets */; };
		952368C32D0538F8004DFE98 /* Base in Resources */ = {isa = PBXBuildFile; fileRef = 952368C22D0538F8004DFE98 /* Base */; };
		952368CC2D0542B0004DFE98 /* Alamofire in Frameworks */ = {isa = PBXBuildFile; productRef = 952368CB2D0542B0004DFE98 /* Alamofire */; };
		952368CE2D0542B0004DFE98 /* AlamofireDynamic in Frameworks */ = {isa = PBXBuildFile; productRef = 952368CD2D0542B0004DFE98 /* AlamofireDynamic */; };
		952368D12D0542E3004DFE98 /* SnapKit in Frameworks */ = {isa = PBXBuildFile; productRef = 952368D02D0542E3004DFE98 /* SnapKit */; };
		952368D32D0542E3004DFE98 /* SnapKit-Dynamic in Frameworks */ = {isa = PBXBuildFile; productRef = 952368D22D0542E3004DFE98 /* SnapKit-Dynamic */; };
		952368D62D0542FB004DFE98 /* Then in Frameworks */ = {isa = PBXBuildFile; productRef = 952368D52D0542FB004DFE98 /* Then */; };
		9589BE2C2D0B142E00DF99E8 /* UIColor+.swift in Sources */ = {isa = PBXBuildFile; fileRef = 9589BE2B2D0B142E00DF99E8 /* UIColor+.swift */; };
		9589BE2E2D0B219900DF99E8 /* LayoutConverter.swift in Sources */ = {isa = PBXBuildFile; fileRef = 9589BE2D2D0B219900DF99E8 /* LayoutConverter.swift */; };
		9589BE5F2D0B287500DF99E8 /* Pretendard-Black.otf in Resources */ = {isa = PBXBuildFile; fileRef = 9589BE552D0B287500DF99E8 /* Pretendard-Black.otf */; };
		9589BE602D0B287500DF99E8 /* Pretendard-Bold.otf in Resources */ = {isa = PBXBuildFile; fileRef = 9589BE562D0B287500DF99E8 /* Pretendard-Bold.otf */; };
		9589BE612D0B287500DF99E8 /* Pretendard-ExtraBold.otf in Resources */ = {isa = PBXBuildFile; fileRef = 9589BE572D0B287500DF99E8 /* Pretendard-ExtraBold.otf */; };
		9589BE622D0B287500DF99E8 /* Pretendard-ExtraLight.otf in Resources */ = {isa = PBXBuildFile; fileRef = 9589BE582D0B287500DF99E8 /* Pretendard-ExtraLight.otf */; };
		9589BE632D0B287500DF99E8 /* Pretendard-Light.otf in Resources */ = {isa = PBXBuildFile; fileRef = 9589BE592D0B287500DF99E8 /* Pretendard-Light.otf */; };
		9589BE642D0B287500DF99E8 /* Pretendard-Medium.otf in Resources */ = {isa = PBXBuildFile; fileRef = 9589BE5A2D0B287500DF99E8 /* Pretendard-Medium.otf */; };
		9589BE652D0B287500DF99E8 /* Pretendard-Regular.otf in Resources */ = {isa = PBXBuildFile; fileRef = 9589BE5B2D0B287500DF99E8 /* Pretendard-Regular.otf */; };
		9589BE662D0B287500DF99E8 /* Pretendard-SemiBold.otf in Resources */ = {isa = PBXBuildFile; fileRef = 9589BE5C2D0B287500DF99E8 /* Pretendard-SemiBold.otf */; };
		9589BE672D0B287500DF99E8 /* Pretendard-Thin.otf in Resources */ = {isa = PBXBuildFile; fileRef = 9589BE5D2D0B287500DF99E8 /* Pretendard-Thin.otf */; };
/* End PBXBuildFile section */

/* Begin PBXFileReference section */
		952368B32D0538F7004DFE98 /* mohajistudio-developers-iOS.app */ = {isa = PBXFileReference; explicitFileType = wrapper.application; includeInIndex = 0; path = "mohajistudio-developers-iOS.app"; sourceTree = BUILT_PRODUCTS_DIR; };
		952368B62D0538F7004DFE98 /* AppDelegate.swift */ = {isa = PBXFileReference; lastKnownFileType = sourcecode.swift; path = AppDelegate.swift; sourceTree = "<group>"; };
		952368B82D0538F7004DFE98 /* SceneDelegate.swift */ = {isa = PBXFileReference; lastKnownFileType = sourcecode.swift; path = SceneDelegate.swift; sourceTree = "<group>"; };
		952368BA2D0538F7004DFE98 /* ViewController.swift */ = {isa = PBXFileReference; lastKnownFileType = sourcecode.swift; path = ViewController.swift; sourceTree = "<group>"; };
		952368BF2D0538F8004DFE98 /* Assets.xcassets */ = {isa = PBXFileReference; lastKnownFileType = folder.assetcatalog; path = Assets.xcassets; sourceTree = "<group>"; };
		952368C22D0538F8004DFE98 /* Base */ = {isa = PBXFileReference; lastKnownFileType = file.storyboard; name = Base; path = Base.lproj/LaunchScreen.storyboard; sourceTree = "<group>"; };
		952368C42D0538F8004DFE98 /* Info.plist */ = {isa = PBXFileReference; lastKnownFileType = text.plist.xml; path = Info.plist; sourceTree = "<group>"; };
		9589BE2B2D0B142E00DF99E8 /* UIColor+.swift */ = {isa = PBXFileReference; lastKnownFileType = sourcecode.swift; path = "UIColor+.swift"; sourceTree = "<group>"; };
		9589BE2D2D0B219900DF99E8 /* LayoutConverter.swift */ = {isa = PBXFileReference; lastKnownFileType = sourcecode.swift; path = LayoutConverter.swift; sourceTree = "<group>"; };
		9589BE552D0B287500DF99E8 /* Pretendard-Black.otf */ = {isa = PBXFileReference; lastKnownFileType = file; path = "Pretendard-Black.otf"; sourceTree = "<group>"; };
		9589BE562D0B287500DF99E8 /* Pretendard-Bold.otf */ = {isa = PBXFileReference; lastKnownFileType = file; path = "Pretendard-Bold.otf"; sourceTree = "<group>"; };
		9589BE572D0B287500DF99E8 /* Pretendard-ExtraBold.otf */ = {isa = PBXFileReference; lastKnownFileType = file; path = "Pretendard-ExtraBold.otf"; sourceTree = "<group>"; };
		9589BE582D0B287500DF99E8 /* Pretendard-ExtraLight.otf */ = {isa = PBXFileReference; lastKnownFileType = file; path = "Pretendard-ExtraLight.otf"; sourceTree = "<group>"; };
		9589BE592D0B287500DF99E8 /* Pretendard-Light.otf */ = {isa = PBXFileReference; lastKnownFileType = file; path = "Pretendard-Light.otf"; sourceTree = "<group>"; };
		9589BE5A2D0B287500DF99E8 /* Pretendard-Medium.otf */ = {isa = PBXFileReference; lastKnownFileType = file; path = "Pretendard-Medium.otf"; sourceTree = "<group>"; };
		9589BE5B2D0B287500DF99E8 /* Pretendard-Regular.otf */ = {isa = PBXFileReference; lastKnownFileType = file; path = "Pretendard-Regular.otf"; sourceTree = "<group>"; };
		9589BE5C2D0B287500DF99E8 /* Pretendard-SemiBold.otf */ = {isa = PBXFileReference; lastKnownFileType = file; path = "Pretendard-SemiBold.otf"; sourceTree = "<group>"; };
		9589BE5D2D0B287500DF99E8 /* Pretendard-Thin.otf */ = {isa = PBXFileReference; lastKnownFileType = file; path = "Pretendard-Thin.otf"; sourceTree = "<group>"; };
/* End PBXFileReference section */

/* Begin PBXFrameworksBuildPhase section */
		952368B02D0538F7004DFE98 /* Frameworks */ = {
			isa = PBXFrameworksBuildPhase;
			buildActionMask = 2147483647;
			files = (
				952368D62D0542FB004DFE98 /* Then in Frameworks */,
				952368D12D0542E3004DFE98 /* SnapKit in Frameworks */,
				952368CC2D0542B0004DFE98 /* Alamofire in Frameworks */,
				952368CE2D0542B0004DFE98 /* AlamofireDynamic in Frameworks */,
				952368D32D0542E3004DFE98 /* SnapKit-Dynamic in Frameworks */,
			);
			runOnlyForDeploymentPostprocessing = 0;
		};
/* End PBXFrameworksBuildPhase section */

/* Begin PBXGroup section */
		952368AA2D0538F7004DFE98 = {
			isa = PBXGroup;
			children = (
				952368B52D0538F7004DFE98 /* mohajistudio-developers-iOS */,
				952368B42D0538F7004DFE98 /* Products */,
			);
			sourceTree = "<group>";
		};
		952368B42D0538F7004DFE98 /* Products */ = {
			isa = PBXGroup;
			children = (
				952368B32D0538F7004DFE98 /* mohajistudio-developers-iOS.app */,
			);
			name = Products;
			sourceTree = "<group>";
		};
		952368B52D0538F7004DFE98 /* mohajistudio-developers-iOS */ = {
			isa = PBXGroup;
			children = (
				9589BE5E2D0B287500DF99E8 /* Fonts */,
				9589BE292D0B13F500DF99E8 /* Global */,
				952368B62D0538F7004DFE98 /* AppDelegate.swift */,
				952368B82D0538F7004DFE98 /* SceneDelegate.swift */,
				952368BA2D0538F7004DFE98 /* ViewController.swift */,
				952368BF2D0538F8004DFE98 /* Assets.xcassets */,
				952368C12D0538F8004DFE98 /* LaunchScreen.storyboard */,
				952368C42D0538F8004DFE98 /* Info.plist */,
			);
			path = "mohajistudio-developers-iOS";
			sourceTree = "<group>";
		};
		9589BE292D0B13F500DF99E8 /* Global */ = {
			isa = PBXGroup;
			children = (
				9589BE2A2D0B140000DF99E8 /* Extension */,
				9589BE2D2D0B219900DF99E8 /* LayoutConverter.swift */,
			);
			path = Global;
			sourceTree = "<group>";
		};
		9589BE2A2D0B140000DF99E8 /* Extension */ = {
			isa = PBXGroup;
			children = (
				9589BE2B2D0B142E00DF99E8 /* UIColor+.swift */,
			);
			path = Extension;
			sourceTree = "<group>";
		};
		9589BE5E2D0B287500DF99E8 /* Fonts */ = {
			isa = PBXGroup;
			children = (
				9589BE552D0B287500DF99E8 /* Pretendard-Black.otf */,
				9589BE562D0B287500DF99E8 /* Pretendard-Bold.otf */,
				9589BE572D0B287500DF99E8 /* Pretendard-ExtraBold.otf */,
				9589BE582D0B287500DF99E8 /* Pretendard-ExtraLight.otf */,
				9589BE592D0B287500DF99E8 /* Pretendard-Light.otf */,
				9589BE5A2D0B287500DF99E8 /* Pretendard-Medium.otf */,
				9589BE5B2D0B287500DF99E8 /* Pretendard-Regular.otf */,
				9589BE5C2D0B287500DF99E8 /* Pretendard-SemiBold.otf */,
				9589BE5D2D0B287500DF99E8 /* Pretendard-Thin.otf */,
			);
			path = Fonts;
			sourceTree = "<group>";
		};
/* End PBXGroup section */

/* Begin PBXNativeTarget section */
		952368B22D0538F7004DFE98 /* mohajistudio-developers-iOS */ = {
			isa = PBXNativeTarget;
			buildConfigurationList = 952368C72D0538F8004DFE98 /* Build configuration list for PBXNativeTarget "mohajistudio-developers-iOS" */;
			buildPhases = (
				952368AF2D0538F7004DFE98 /* Sources */,
				952368B02D0538F7004DFE98 /* Frameworks */,
				952368B12D0538F7004DFE98 /* Resources */,
			);
			buildRules = (
			);
			dependencies = (
			);
			name = "mohajistudio-developers-iOS";
			packageProductDependencies = (
				952368CB2D0542B0004DFE98 /* Alamofire */,
				952368CD2D0542B0004DFE98 /* AlamofireDynamic */,
				952368D02D0542E3004DFE98 /* SnapKit */,
				952368D22D0542E3004DFE98 /* SnapKit-Dynamic */,
				952368D52D0542FB004DFE98 /* Then */,
			);
			productName = "mohajistudio-developers-iOS";
			productReference = 952368B32D0538F7004DFE98 /* mohajistudio-developers-iOS.app */;
			productType = "com.apple.product-type.application";
		};
/* End PBXNativeTarget section */

/* Begin PBXProject section */
		952368AB2D0538F7004DFE98 /* Project object */ = {
			isa = PBXProject;
			attributes = {
				BuildIndependentTargetsInParallel = 1;
				LastSwiftUpdateCheck = 1530;
				LastUpgradeCheck = 1530;
				TargetAttributes = {
					952368B22D0538F7004DFE98 = {
						CreatedOnToolsVersion = 15.3;
					};
				};
			};
			buildConfigurationList = 952368AE2D0538F7004DFE98 /* Build configuration list for PBXProject "mohajistudio-developers-iOS" */;
			compatibilityVersion = "Xcode 14.0";
			developmentRegion = en;
			hasScannedForEncodings = 0;
			knownRegions = (
				en,
				Base,
			);
			mainGroup = 952368AA2D0538F7004DFE98;
			packageReferences = (
				952368CA2D0542B0004DFE98 /* XCRemoteSwiftPackageReference "Alamofire" */,
				952368CF2D0542E3004DFE98 /* XCRemoteSwiftPackageReference "SnapKit" */,
				952368D42D0542FB004DFE98 /* XCRemoteSwiftPackageReference "Then" */,
			);
			productRefGroup = 952368B42D0538F7004DFE98 /* Products */;
			projectDirPath = "";
			projectRoot = "";
			targets = (
				952368B22D0538F7004DFE98 /* mohajistudio-developers-iOS */,
			);
		};
/* End PBXProject section */

/* Begin PBXResourcesBuildPhase section */
		952368B12D0538F7004DFE98 /* Resources */ = {
			isa = PBXResourcesBuildPhase;
			buildActionMask = 2147483647;
			files = (
				9589BE622D0B287500DF99E8 /* Pretendard-ExtraLight.otf in Resources */,
				952368C02D0538F8004DFE98 /* Assets.xcassets in Resources */,
				9589BE602D0B287500DF99E8 /* Pretendard-Bold.otf in Resources */,
				9589BE642D0B287500DF99E8 /* Pretendard-Medium.otf in Resources */,
				9589BE652D0B287500DF99E8 /* Pretendard-Regular.otf in Resources */,
				9589BE612D0B287500DF99E8 /* Pretendard-ExtraBold.otf in Resources */,
				9589BE632D0B287500DF99E8 /* Pretendard-Light.otf in Resources */,
				9589BE662D0B287500DF99E8 /* Pretendard-SemiBold.otf in Resources */,
				9589BE5F2D0B287500DF99E8 /* Pretendard-Black.otf in Resources */,
				9589BE672D0B287500DF99E8 /* Pretendard-Thin.otf in Resources */,
				952368C32D0538F8004DFE98 /* Base in Resources */,
			);
			runOnlyForDeploymentPostprocessing = 0;
		};
/* End PBXResourcesBuildPhase section */

/* Begin PBXSourcesBuildPhase section */
		952368AF2D0538F7004DFE98 /* Sources */ = {
			isa = PBXSourcesBuildPhase;
			buildActionMask = 2147483647;
			files = (
				9589BE2E2D0B219900DF99E8 /* LayoutConverter.swift in Sources */,
				952368BB2D0538F7004DFE98 /* ViewController.swift in Sources */,
				9589BE2C2D0B142E00DF99E8 /* UIColor+.swift in Sources */,
				952368B72D0538F7004DFE98 /* AppDelegate.swift in Sources */,
				952368B92D0538F7004DFE98 /* SceneDelegate.swift in Sources */,
			);
			runOnlyForDeploymentPostprocessing = 0;
		};
/* End PBXSourcesBuildPhase section */

/* Begin PBXVariantGroup section */
		952368C12D0538F8004DFE98 /* LaunchScreen.storyboard */ = {
			isa = PBXVariantGroup;
			children = (
				952368C22D0538F8004DFE98 /* Base */,
			);
			name = LaunchScreen.storyboard;
			sourceTree = "<group>";
		};
/* End PBXVariantGroup section */

/* Begin XCBuildConfiguration section */
		952368C52D0538F8004DFE98 /* Debug */ = {
			isa = XCBuildConfiguration;
			buildSettings = {
				ALWAYS_SEARCH_USER_PATHS = NO;
				ASSETCATALOG_COMPILER_GENERATE_SWIFT_ASSET_SYMBOL_EXTENSIONS = YES;
				CLANG_ANALYZER_NONNULL = YES;
				CLANG_ANALYZER_NUMBER_OBJECT_CONVERSION = YES_AGGRESSIVE;
				CLANG_CXX_LANGUAGE_STANDARD = "gnu++20";
				CLANG_ENABLE_MODULES = YES;
				CLANG_ENABLE_OBJC_ARC = YES;
				CLANG_ENABLE_OBJC_WEAK = YES;
				CLANG_WARN_BLOCK_CAPTURE_AUTORELEASING = YES;
				CLANG_WARN_BOOL_CONVERSION = YES;
				CLANG_WARN_COMMA = YES;
				CLANG_WARN_CONSTANT_CONVERSION = YES;
				CLANG_WARN_DEPRECATED_OBJC_IMPLEMENTATIONS = YES;
				CLANG_WARN_DIRECT_OBJC_ISA_USAGE = YES_ERROR;
				CLANG_WARN_DOCUMENTATION_COMMENTS = YES;
				CLANG_WARN_EMPTY_BODY = YES;
				CLANG_WARN_ENUM_CONVERSION = YES;
				CLANG_WARN_INFINITE_RECURSION = YES;
				CLANG_WARN_INT_CONVERSION = YES;
				CLANG_WARN_NON_LITERAL_NULL_CONVERSION = YES;
				CLANG_WARN_OBJC_IMPLICIT_RETAIN_SELF = YES;
				CLANG_WARN_OBJC_LITERAL_CONVERSION = YES;
				CLANG_WARN_OBJC_ROOT_CLASS = YES_ERROR;
				CLANG_WARN_QUOTED_INCLUDE_IN_FRAMEWORK_HEADER = YES;
				CLANG_WARN_RANGE_LOOP_ANALYSIS = YES;
				CLANG_WARN_STRICT_PROTOTYPES = YES;
				CLANG_WARN_SUSPICIOUS_MOVE = YES;
				CLANG_WARN_UNGUARDED_AVAILABILITY = YES_AGGRESSIVE;
				CLANG_WARN_UNREACHABLE_CODE = YES;
				CLANG_WARN__DUPLICATE_METHOD_MATCH = YES;
				COPY_PHASE_STRIP = NO;
				DEBUG_INFORMATION_FORMAT = dwarf;
				ENABLE_STRICT_OBJC_MSGSEND = YES;
				ENABLE_TESTABILITY = YES;
				ENABLE_USER_SCRIPT_SANDBOXING = YES;
				GCC_C_LANGUAGE_STANDARD = gnu17;
				GCC_DYNAMIC_NO_PIC = NO;
				GCC_NO_COMMON_BLOCKS = YES;
				GCC_OPTIMIZATION_LEVEL = 0;
				GCC_PREPROCESSOR_DEFINITIONS = (
					"DEBUG=1",
					"$(inherited)",
				);
				GCC_WARN_64_TO_32_BIT_CONVERSION = YES;
				GCC_WARN_ABOUT_RETURN_TYPE = YES_ERROR;
				GCC_WARN_UNDECLARED_SELECTOR = YES;
				GCC_WARN_UNINITIALIZED_AUTOS = YES_AGGRESSIVE;
				GCC_WARN_UNUSED_FUNCTION = YES;
				GCC_WARN_UNUSED_VARIABLE = YES;
				IPHONEOS_DEPLOYMENT_TARGET = 17.4;
				LOCALIZATION_PREFERS_STRING_CATALOGS = YES;
				MTL_ENABLE_DEBUG_INFO = INCLUDE_SOURCE;
				MTL_FAST_MATH = YES;
				ONLY_ACTIVE_ARCH = YES;
				SDKROOT = iphoneos;
				SWIFT_ACTIVE_COMPILATION_CONDITIONS = "DEBUG $(inherited)";
				SWIFT_OPTIMIZATION_LEVEL = "-Onone";
			};
			name = Debug;
		};
		952368C62D0538F8004DFE98 /* Release */ = {
			isa = XCBuildConfiguration;
			buildSettings = {
				ALWAYS_SEARCH_USER_PATHS = NO;
				ASSETCATALOG_COMPILER_GENERATE_SWIFT_ASSET_SYMBOL_EXTENSIONS = YES;
				CLANG_ANALYZER_NONNULL = YES;
				CLANG_ANALYZER_NUMBER_OBJECT_CONVERSION = YES_AGGRESSIVE;
				CLANG_CXX_LANGUAGE_STANDARD = "gnu++20";
				CLANG_ENABLE_MODULES = YES;
				CLANG_ENABLE_OBJC_ARC = YES;
				CLANG_ENABLE_OBJC_WEAK = YES;
				CLANG_WARN_BLOCK_CAPTURE_AUTORELEASING = YES;
				CLANG_WARN_BOOL_CONVERSION = YES;
				CLANG_WARN_COMMA = YES;
				CLANG_WARN_CONSTANT_CONVERSION = YES;
				CLANG_WARN_DEPRECATED_OBJC_IMPLEMENTATIONS = YES;
				CLANG_WARN_DIRECT_OBJC_ISA_USAGE = YES_ERROR;
				CLANG_WARN_DOCUMENTATION_COMMENTS = YES;
				CLANG_WARN_EMPTY_BODY = YES;
				CLANG_WARN_ENUM_CONVERSION = YES;
				CLANG_WARN_INFINITE_RECURSION = YES;
				CLANG_WARN_INT_CONVERSION = YES;
				CLANG_WARN_NON_LITERAL_NULL_CONVERSION = YES;
				CLANG_WARN_OBJC_IMPLICIT_RETAIN_SELF = YES;
				CLANG_WARN_OBJC_LITERAL_CONVERSION = YES;
				CLANG_WARN_OBJC_ROOT_CLASS = YES_ERROR;
				CLANG_WARN_QUOTED_INCLUDE_IN_FRAMEWORK_HEADER = YES;
				CLANG_WARN_RANGE_LOOP_ANALYSIS = YES;
				CLANG_WARN_STRICT_PROTOTYPES = YES;
				CLANG_WARN_SUSPICIOUS_MOVE = YES;
				CLANG_WARN_UNGUARDED_AVAILABILITY = YES_AGGRESSIVE;
				CLANG_WARN_UNREACHABLE_CODE = YES;
				CLANG_WARN__DUPLICATE_METHOD_MATCH = YES;
				COPY_PHASE_STRIP = NO;
				DEBUG_INFORMATION_FORMAT = "dwarf-with-dsym";
				ENABLE_NS_ASSERTIONS = NO;
				ENABLE_STRICT_OBJC_MSGSEND = YES;
				ENABLE_USER_SCRIPT_SANDBOXING = YES;
				GCC_C_LANGUAGE_STANDARD = gnu17;
				GCC_NO_COMMON_BLOCKS = YES;
				GCC_WARN_64_TO_32_BIT_CONVERSION = YES;
				GCC_WARN_ABOUT_RETURN_TYPE = YES_ERROR;
				GCC_WARN_UNDECLARED_SELECTOR = YES;
				GCC_WARN_UNINITIALIZED_AUTOS = YES_AGGRESSIVE;
				GCC_WARN_UNUSED_FUNCTION = YES;
				GCC_WARN_UNUSED_VARIABLE = YES;
				IPHONEOS_DEPLOYMENT_TARGET = 17.4;
				LOCALIZATION_PREFERS_STRING_CATALOGS = YES;
				MTL_ENABLE_DEBUG_INFO = NO;
				MTL_FAST_MATH = YES;
				SDKROOT = iphoneos;
				SWIFT_COMPILATION_MODE = wholemodule;
				VALIDATE_PRODUCT = YES;
			};
			name = Release;
		};
		952368C82D0538F8004DFE98 /* Debug */ = {
			isa = XCBuildConfiguration;
			buildSettings = {
				ASSETCATALOG_COMPILER_APPICON_NAME = AppIcon;
				ASSETCATALOG_COMPILER_GLOBAL_ACCENT_COLOR_NAME = AccentColor;
				CODE_SIGN_STYLE = Automatic;
				CURRENT_PROJECT_VERSION = 1;
				DEVELOPMENT_TEAM = R6V7ZUXR5H;
				GENERATE_INFOPLIST_FILE = YES;
				INFOPLIST_FILE = "mohajistudio-developers-iOS/Info.plist";
				INFOPLIST_KEY_UIApplicationSupportsIndirectInputEvents = YES;
				INFOPLIST_KEY_UILaunchStoryboardName = LaunchScreen;
				INFOPLIST_KEY_UISupportedInterfaceOrientations_iPad = "UIInterfaceOrientationPortrait UIInterfaceOrientationPortraitUpsideDown UIInterfaceOrientationLandscapeLeft UIInterfaceOrientationLandscapeRight";
				INFOPLIST_KEY_UISupportedInterfaceOrientations_iPhone = "UIInterfaceOrientationPortrait UIInterfaceOrientationLandscapeLeft UIInterfaceOrientationLandscapeRight";
				IPHONEOS_DEPLOYMENT_TARGET = 16.0;
				LD_RUNPATH_SEARCH_PATHS = (
					"$(inherited)",
					"@executable_path/Frameworks",
				);
				MARKETING_VERSION = 1.0;
				PRODUCT_BUNDLE_IDENTIFIER = "com.sks5075.mohajistudio-developers-iOS";
				PRODUCT_NAME = "$(TARGET_NAME)";
				SWIFT_EMIT_LOC_STRINGS = YES;
				SWIFT_VERSION = 5.0;
				TARGETED_DEVICE_FAMILY = "1,2";
			};
			name = Debug;
		};
		952368C92D0538F8004DFE98 /* Release */ = {
			isa = XCBuildConfiguration;
			buildSettings = {
				ASSETCATALOG_COMPILER_APPICON_NAME = AppIcon;
				ASSETCATALOG_COMPILER_GLOBAL_ACCENT_COLOR_NAME = AccentColor;
				CODE_SIGN_STYLE = Automatic;
				CURRENT_PROJECT_VERSION = 1;
				DEVELOPMENT_TEAM = R6V7ZUXR5H;
				GENERATE_INFOPLIST_FILE = YES;
				INFOPLIST_FILE = "mohajistudio-developers-iOS/Info.plist";
				INFOPLIST_KEY_UIApplicationSupportsIndirectInputEvents = YES;
				INFOPLIST_KEY_UILaunchStoryboardName = LaunchScreen;
				INFOPLIST_KEY_UISupportedInterfaceOrientations_iPad = "UIInterfaceOrientationPortrait UIInterfaceOrientationPortraitUpsideDown UIInterfaceOrientationLandscapeLeft UIInterfaceOrientationLandscapeRight";
				INFOPLIST_KEY_UISupportedInterfaceOrientations_iPhone = "UIInterfaceOrientationPortrait UIInterfaceOrientationLandscapeLeft UIInterfaceOrientationLandscapeRight";
				IPHONEOS_DEPLOYMENT_TARGET = 16.0;
				LD_RUNPATH_SEARCH_PATHS = (
					"$(inherited)",
					"@executable_path/Frameworks",
				);
				MARKETING_VERSION = 1.0;
				PRODUCT_BUNDLE_IDENTIFIER = "com.sks5075.mohajistudio-developers-iOS";
				PRODUCT_NAME = "$(TARGET_NAME)";
				SWIFT_EMIT_LOC_STRINGS = YES;
				SWIFT_VERSION = 5.0;
				TARGETED_DEVICE_FAMILY = "1,2";
			};
			name = Release;
		};
/* End XCBuildConfiguration section */

/* Begin XCConfigurationList section */
		952368AE2D0538F7004DFE98 /* Build configuration list for PBXProject "mohajistudio-developers-iOS" */ = {
			isa = XCConfigurationList;
			buildConfigurations = (
				952368C52D0538F8004DFE98 /* Debug */,
				952368C62D0538F8004DFE98 /* Release */,
			);
			defaultConfigurationIsVisible = 0;
			defaultConfigurationName = Release;
		};
		952368C72D0538F8004DFE98 /* Build configuration list for PBXNativeTarget "mohajistudio-developers-iOS" */ = {
			isa = XCConfigurationList;
			buildConfigurations = (
				952368C82D0538F8004DFE98 /* Debug */,
				952368C92D0538F8004DFE98 /* Release */,
			);
			defaultConfigurationIsVisible = 0;
			defaultConfigurationName = Release;
		};
/* End XCConfigurationList section */

/* Begin XCRemoteSwiftPackageReference section */
		952368CA2D0542B0004DFE98 /* XCRemoteSwiftPackageReference "Alamofire" */ = {
			isa = XCRemoteSwiftPackageReference;
			repositoryURL = "https://github.com/Alamofire/Alamofire.git";
			requirement = {
				kind = upToNextMajorVersion;
				minimumVersion = 5.10.2;
			};
		};
		952368CF2D0542E3004DFE98 /* XCRemoteSwiftPackageReference "SnapKit" */ = {
			isa = XCRemoteSwiftPackageReference;
			repositoryURL = "https://github.com/SnapKit/SnapKit.git";
			requirement = {
				kind = upToNextMajorVersion;
				minimumVersion = 5.7.1;
			};
		};
		952368D42D0542FB004DFE98 /* XCRemoteSwiftPackageReference "Then" */ = {
			isa = XCRemoteSwiftPackageReference;
			repositoryURL = "https://github.com/devxoul/Then.git";
			requirement = {
				kind = upToNextMajorVersion;
				minimumVersion = 3.0.0;
			};
		};
/* End XCRemoteSwiftPackageReference section */

/* Begin XCSwiftPackageProductDependency section */
		952368CB2D0542B0004DFE98 /* Alamofire */ = {
			isa = XCSwiftPackageProductDependency;
			package = 952368CA2D0542B0004DFE98 /* XCRemoteSwiftPackageReference "Alamofire" */;
			productName = Alamofire;
		};
		952368CD2D0542B0004DFE98 /* AlamofireDynamic */ = {
			isa = XCSwiftPackageProductDependency;
			package = 952368CA2D0542B0004DFE98 /* XCRemoteSwiftPackageReference "Alamofire" */;
			productName = AlamofireDynamic;
		};
		952368D02D0542E3004DFE98 /* SnapKit */ = {
			isa = XCSwiftPackageProductDependency;
			package = 952368CF2D0542E3004DFE98 /* XCRemoteSwiftPackageReference "SnapKit" */;
			productName = SnapKit;
		};
		952368D22D0542E3004DFE98 /* SnapKit-Dynamic */ = {
			isa = XCSwiftPackageProductDependency;
			package = 952368CF2D0542E3004DFE98 /* XCRemoteSwiftPackageReference "SnapKit" */;
			productName = "SnapKit-Dynamic";
		};
		952368D52D0542FB004DFE98 /* Then */ = {
			isa = XCSwiftPackageProductDependency;
			package = 952368D42D0542FB004DFE98 /* XCRemoteSwiftPackageReference "Then" */;
			productName = Then;
		};
/* End XCSwiftPackageProductDependency section */
	};
	rootObject = 952368AB2D0538F7004DFE98 /* Project object */;
}
